// !$*UTF8*$!
{
	archiveVersion = 1;
	classes = {
	};
	objectVersion = 56;
	objects = {

/* Begin PBXBuildFile section */
		291CD4F1299A92510032E06E /* AppDelegate.swift in Sources */ = {isa = PBXBuildFile; fileRef = 291CD4F0299A92510032E06E /* AppDelegate.swift */; };
		291CD4F3299A92510032E06E /* SceneDelegate.swift in Sources */ = {isa = PBXBuildFile; fileRef = 291CD4F2299A92510032E06E /* SceneDelegate.swift */; };
		291CD4F5299A92510032E06E /* ConversationsViewController.swift in Sources */ = {isa = PBXBuildFile; fileRef = 291CD4F4299A92510032E06E /* ConversationsViewController.swift */; };
		291CD4F8299A92510032E06E /* Main.storyboard in Resources */ = {isa = PBXBuildFile; fileRef = 291CD4F6299A92510032E06E /* Main.storyboard */; };
		291CD4FA299A92510032E06E /* Assets.xcassets in Resources */ = {isa = PBXBuildFile; fileRef = 291CD4F9299A92510032E06E /* Assets.xcassets */; };
		291CD4FD299A92510032E06E /* LaunchScreen.storyboard in Resources */ = {isa = PBXBuildFile; fileRef = 291CD4FB299A92510032E06E /* LaunchScreen.storyboard */; };
		291CD50B299A95640032E06E /* LoginViewController.swift in Sources */ = {isa = PBXBuildFile; fileRef = 291CD50A299A95640032E06E /* LoginViewController.swift */; };
		291CD50D299A95760032E06E /* RegisterViewController.swift in Sources */ = {isa = PBXBuildFile; fileRef = 291CD50C299A95760032E06E /* RegisterViewController.swift */; };
		291CD50F299A958E0032E06E /* PhotoViewerViewController.swift in Sources */ = {isa = PBXBuildFile; fileRef = 291CD50E299A958E0032E06E /* PhotoViewerViewController.swift */; };
		291CD511299A95A50032E06E /* VideoPlayerViewController.swift in Sources */ = {isa = PBXBuildFile; fileRef = 291CD510299A95A50032E06E /* VideoPlayerViewController.swift */; };
		291CD513299A95B90032E06E /* NewConversationViewController.swift in Sources */ = {isa = PBXBuildFile; fileRef = 291CD512299A95B90032E06E /* NewConversationViewController.swift */; };
		291CD515299A95C80032E06E /* ProfileViewController.swift in Sources */ = {isa = PBXBuildFile; fileRef = 291CD514299A95C80032E06E /* ProfileViewController.swift */; };
/* End PBXBuildFile section */

/* Begin PBXFileReference section */
		291CD4ED299A92510032E06E /* Messenger.app */ = {isa = PBXFileReference; explicitFileType = wrapper.application; includeInIndex = 0; path = Messenger.app; sourceTree = BUILT_PRODUCTS_DIR; };
		291CD4F0299A92510032E06E /* AppDelegate.swift */ = {isa = PBXFileReference; lastKnownFileType = sourcecode.swift; path = AppDelegate.swift; sourceTree = "<group>"; };
		291CD4F2299A92510032E06E /* SceneDelegate.swift */ = {isa = PBXFileReference; lastKnownFileType = sourcecode.swift; path = SceneDelegate.swift; sourceTree = "<group>"; };
		291CD4F4299A92510032E06E /* ConversationsViewController.swift */ = {isa = PBXFileReference; lastKnownFileType = sourcecode.swift; path = ConversationsViewController.swift; sourceTree = "<group>"; };
		291CD4F7299A92510032E06E /* Base */ = {isa = PBXFileReference; lastKnownFileType = file.storyboard; name = Base; path = Base.lproj/Main.storyboard; sourceTree = "<group>"; };
		291CD4F9299A92510032E06E /* Assets.xcassets */ = {isa = PBXFileReference; lastKnownFileType = folder.assetcatalog; path = Assets.xcassets; sourceTree = "<group>"; };
		291CD4FC299A92510032E06E /* Base */ = {isa = PBXFileReference; lastKnownFileType = file.storyboard; name = Base; path = Base.lproj/LaunchScreen.storyboard; sourceTree = "<group>"; };
		291CD4FE299A92510032E06E /* Info.plist */ = {isa = PBXFileReference; lastKnownFileType = text.plist.xml; path = Info.plist; sourceTree = "<group>"; };
		291CD50A299A95640032E06E /* LoginViewController.swift */ = {isa = PBXFileReference; lastKnownFileType = sourcecode.swift; path = LoginViewController.swift; sourceTree = "<group>"; };
		291CD50C299A95760032E06E /* RegisterViewController.swift */ = {isa = PBXFileReference; lastKnownFileType = sourcecode.swift; path = RegisterViewController.swift; sourceTree = "<group>"; };
		291CD50E299A958E0032E06E /* PhotoViewerViewController.swift */ = {isa = PBXFileReference; lastKnownFileType = sourcecode.swift; path = PhotoViewerViewController.swift; sourceTree = "<group>"; };
		291CD510299A95A50032E06E /* VideoPlayerViewController.swift */ = {isa = PBXFileReference; lastKnownFileType = sourcecode.swift; path = VideoPlayerViewController.swift; sourceTree = "<group>"; };
		291CD512299A95B90032E06E /* NewConversationViewController.swift */ = {isa = PBXFileReference; lastKnownFileType = sourcecode.swift; path = NewConversationViewController.swift; sourceTree = "<group>"; };
		291CD514299A95C80032E06E /* ProfileViewController.swift */ = {isa = PBXFileReference; lastKnownFileType = sourcecode.swift; path = ProfileViewController.swift; sourceTree = "<group>"; };
/* End PBXFileReference section */

/* Begin PBXFrameworksBuildPhase section */
		291CD4EA299A92510032E06E /* Frameworks */ = {
			isa = PBXFrameworksBuildPhase;
			buildActionMask = 2147483647;
			files = (
			);
			runOnlyForDeploymentPostprocessing = 0;
		};
/* End PBXFrameworksBuildPhase section */

/* Begin PBXGroup section */
		291CD4E4299A92510032E06E = {
			isa = PBXGroup;
			children = (
				291CD4EF299A92510032E06E /* Messenger */,
				291CD4EE299A92510032E06E /* Products */,
			);
			sourceTree = "<group>";
		};
		291CD4EE299A92510032E06E /* Products */ = {
			isa = PBXGroup;
			children = (
				291CD4ED299A92510032E06E /* Messenger.app */,
			);
			name = Products;
			sourceTree = "<group>";
		};
		291CD4EF299A92510032E06E /* Messenger */ = {
			isa = PBXGroup;
			children = (
				291CD504299A92DF0032E06E /* App */,
				291CD505299A92E70032E06E /* Model */,
				291CD506299A92EE0032E06E /* View */,
				291CD508299A93390032E06E /* ViewModel */,
				291CD507299A92F50032E06E /* Controller */,
				291CD4FE299A92510032E06E /* Info.plist */,
			);
			path = Messenger;
			sourceTree = "<group>";
		};
		291CD504299A92DF0032E06E /* App */ = {
			isa = PBXGroup;
			children = (
				291CD4F0299A92510032E06E /* AppDelegate.swift */,
				291CD4F2299A92510032E06E /* SceneDelegate.swift */,
			);
			path = App;
			sourceTree = "<group>";
		};
		291CD505299A92E70032E06E /* Model */ = {
			isa = PBXGroup;
			children = (
			);
			path = Model;
			sourceTree = "<group>";
		};
		291CD506299A92EE0032E06E /* View */ = {
			isa = PBXGroup;
			children = (
				291CD509299A936D0032E06E /* Storyboards */,
				291CD4F9299A92510032E06E /* Assets.xcassets */,
			);
			path = View;
			sourceTree = "<group>";
		};
		291CD507299A92F50032E06E /* Controller */ = {
			isa = PBXGroup;
			children = (
				291CD4F4299A92510032E06E /* ConversationsViewController.swift */,
				291CD50A299A95640032E06E /* LoginViewController.swift */,
				291CD512299A95B90032E06E /* NewConversationViewController.swift */,
				291CD50E299A958E0032E06E /* PhotoViewerViewController.swift */,
				291CD514299A95C80032E06E /* ProfileViewController.swift */,
				291CD50C299A95760032E06E /* RegisterViewController.swift */,
				291CD510299A95A50032E06E /* VideoPlayerViewController.swift */,
			);
			path = Controller;
			sourceTree = "<group>";
		};
		291CD508299A93390032E06E /* ViewModel */ = {
			isa = PBXGroup;
			children = (
			);
			path = ViewModel;
			sourceTree = "<group>";
		};
		291CD509299A936D0032E06E /* Storyboards */ = {
			isa = PBXGroup;
			children = (
				291CD4F6299A92510032E06E /* Main.storyboard */,
				291CD4FB299A92510032E06E /* LaunchScreen.storyboard */,
			);
			path = Storyboards;
			sourceTree = "<group>";
		};
/* End PBXGroup section */

/* Begin PBXNativeTarget section */
		291CD4EC299A92510032E06E /* Messenger */ = {
			isa = PBXNativeTarget;
			buildConfigurationList = 291CD501299A92510032E06E /* Build configuration list for PBXNativeTarget "Messenger" */;
			buildPhases = (
				291CD4E9299A92510032E06E /* Sources */,
				291CD4EA299A92510032E06E /* Frameworks */,
				291CD4EB299A92510032E06E /* Resources */,
			);
			buildRules = (
			);
			dependencies = (
			);
			name = Messenger;
			productName = Messenger;
			productReference = 291CD4ED299A92510032E06E /* Messenger.app */;
			productType = "com.apple.product-type.application";
		};
/* End PBXNativeTarget section */

/* Begin PBXProject section */
		291CD4E5299A92510032E06E /* Project object */ = {
			isa = PBXProject;
			attributes = {
				BuildIndependentTargetsInParallel = 1;
				LastSwiftUpdateCheck = 1400;
				LastUpgradeCheck = 1400;
				TargetAttributes = {
					291CD4EC299A92510032E06E = {
						CreatedOnToolsVersion = 14.0;
					};
				};
			};
			buildConfigurationList = 291CD4E8299A92510032E06E /* Build configuration list for PBXProject "Messenger" */;
			compatibilityVersion = "Xcode 14.0";
			developmentRegion = en;
			hasScannedForEncodings = 0;
			knownRegions = (
				en,
				Base,
			);
			mainGroup = 291CD4E4299A92510032E06E;
			productRefGroup = 291CD4EE299A92510032E06E /* Products */;
			projectDirPath = "";
			projectRoot = "";
			targets = (
				291CD4EC299A92510032E06E /* Messenger */,
			);
		};
/* End PBXProject section */

/* Begin PBXResourcesBuildPhase section */
		291CD4EB299A92510032E06E /* Resources */ = {
			isa = PBXResourcesBuildPhase;
			buildActionMask = 2147483647;
			files = (
				291CD4FD299A92510032E06E /* LaunchScreen.storyboard in Resources */,
				291CD4FA299A92510032E06E /* Assets.xcassets in Resources */,
				291CD4F8299A92510032E06E /* Main.storyboard in Resources */,
			);
			runOnlyForDeploymentPostprocessing = 0;
		};
/* End PBXResourcesBuildPhase section */

/* Begin PBXSourcesBuildPhase section */
		291CD4E9299A92510032E06E /* Sources */ = {
			isa = PBXSourcesBuildPhase;
			buildActionMask = 2147483647;
			files = (
				291CD50B299A95640032E06E /* LoginViewController.swift in Sources */,
				291CD50D299A95760032E06E /* RegisterViewController.swift in Sources */,
				291CD513299A95B90032E06E /* NewConversationViewController.swift in Sources */,
				291CD4F5299A92510032E06E /* ConversationsViewController.swift in Sources */,
				291CD511299A95A50032E06E /* VideoPlayerViewController.swift in Sources */,
				291CD4F1299A92510032E06E /* AppDelegate.swift in Sources */,
				291CD515299A95C80032E06E /* ProfileViewController.swift in Sources */,
				291CD4F3299A92510032E06E /* SceneDelegate.swift in Sources */,
				291CD50F299A958E0032E06E /* PhotoViewerViewController.swift in Sources */,
			);
			runOnlyForDeploymentPostprocessing = 0;
		};
/* End PBXSourcesBuildPhase section */

/* Begin PBXVariantGroup section */
		291CD4F6299A92510032E06E /* Main.storyboard */ = {
			isa = PBXVariantGroup;
			children = (
				291CD4F7299A92510032E06E /* Base */,
			);
			name = Main.storyboard;
			sourceTree = "<group>";
		};
		291CD4FB299A92510032E06E /* LaunchScreen.storyboard */ = {
			isa = PBXVariantGroup;
			children = (
				291CD4FC299A92510032E06E /* Base */,
			);
			name = LaunchScreen.storyboard;
			sourceTree = "<group>";
		};
/* End PBXVariantGroup section */

/* Begin XCBuildConfiguration section */
		291CD4FF299A92510032E06E /* Debug */ = {
			isa = XCBuildConfiguration;
			buildSettings = {
				ALWAYS_SEARCH_USER_PATHS = NO;
				CLANG_ANALYZER_NONNULL = YES;
				CLANG_ANALYZER_NUMBER_OBJECT_CONVERSION = YES_AGGRESSIVE;
				CLANG_CXX_LANGUAGE_STANDARD = "gnu++20";
				CLANG_ENABLE_MODULES = YES;
				CLANG_ENABLE_OBJC_ARC = YES;
				CLANG_ENABLE_OBJC_WEAK = YES;
				CLANG_WARN_BLOCK_CAPTURE_AUTORELEASING = YES;
				CLANG_WARN_BOOL_CONVERSION = YES;
				CLANG_WARN_COMMA = YES;
				CLANG_WARN_CONSTANT_CONVERSION = YES;
				CLANG_WARN_DEPRECATED_OBJC_IMPLEMENTATIONS = YES;
				CLANG_WARN_DIRECT_OBJC_ISA_USAGE = YES_ERROR;
				CLANG_WARN_DOCUMENTATION_COMMENTS = YES;
				CLANG_WARN_EMPTY_BODY = YES;
				CLANG_WARN_ENUM_CONVERSION = YES;
				CLANG_WARN_INFINITE_RECURSION = YES;
				CLANG_WARN_INT_CONVERSION = YES;
				CLANG_WARN_NON_LITERAL_NULL_CONVERSION = YES;
				CLANG_WARN_OBJC_IMPLICIT_RETAIN_SELF = YES;
				CLANG_WARN_OBJC_LITERAL_CONVERSION = YES;
				CLANG_WARN_OBJC_ROOT_CLASS = YES_ERROR;
				CLANG_WARN_QUOTED_INCLUDE_IN_FRAMEWORK_HEADER = YES;
				CLANG_WARN_RANGE_LOOP_ANALYSIS = YES;
				CLANG_WARN_STRICT_PROTOTYPES = YES;
				CLANG_WARN_SUSPICIOUS_MOVE = YES;
				CLANG_WARN_UNGUARDED_AVAILABILITY = YES_AGGRESSIVE;
				CLANG_WARN_UNREACHABLE_CODE = YES;
				CLANG_WARN__DUPLICATE_METHOD_MATCH = YES;
				COPY_PHASE_STRIP = NO;
				DEBUG_INFORMATION_FORMAT = dwarf;
				ENABLE_STRICT_OBJC_MSGSEND = YES;
				ENABLE_TESTABILITY = YES;
				GCC_C_LANGUAGE_STANDARD = gnu11;
				GCC_DYNAMIC_NO_PIC = NO;
				GCC_NO_COMMON_BLOCKS = YES;
				GCC_OPTIMIZATION_LEVEL = 0;
				GCC_PREPROCESSOR_DEFINITIONS = (
					"DEBUG=1",
					"$(inherited)",
				);
				GCC_WARN_64_TO_32_BIT_CONVERSION = YES;
				GCC_WARN_ABOUT_RETURN_TYPE = YES_ERROR;
				GCC_WARN_UNDECLARED_SELECTOR = YES;
				GCC_WARN_UNINITIALIZED_AUTOS = YES_AGGRESSIVE;
				GCC_WARN_UNUSED_FUNCTION = YES;
				GCC_WARN_UNUSED_VARIABLE = YES;
				IPHONEOS_DEPLOYMENT_TARGET = 16.0;
				MTL_ENABLE_DEBUG_INFO = INCLUDE_SOURCE;
				MTL_FAST_MATH = YES;
				ONLY_ACTIVE_ARCH = YES;
				SDKROOT = iphoneos;
				SWIFT_ACTIVE_COMPILATION_CONDITIONS = DEBUG;
				SWIFT_OPTIMIZATION_LEVEL = "-Onone";
			};
			name = Debug;
		};
		291CD500299A92510032E06E /* Release */ = {
			isa = XCBuildConfiguration;
			buildSettings = {
				ALWAYS_SEARCH_USER_PATHS = NO;
				CLANG_ANALYZER_NONNULL = YES;
				CLANG_ANALYZER_NUMBER_OBJECT_CONVERSION = YES_AGGRESSIVE;
				CLANG_CXX_LANGUAGE_STANDARD = "gnu++20";
				CLANG_ENABLE_MODULES = YES;
				CLANG_ENABLE_OBJC_ARC = YES;
				CLANG_ENABLE_OBJC_WEAK = YES;
				CLANG_WARN_BLOCK_CAPTURE_AUTORELEASING = YES;
				CLANG_WARN_BOOL_CONVERSION = YES;
				CLANG_WARN_COMMA = YES;
				CLANG_WARN_CONSTANT_CONVERSION = YES;
				CLANG_WARN_DEPRECATED_OBJC_IMPLEMENTATIONS = YES;
				CLANG_WARN_DIRECT_OBJC_ISA_USAGE = YES_ERROR;
				CLANG_WARN_DOCUMENTATION_COMMENTS = YES;
				CLANG_WARN_EMPTY_BODY = YES;
				CLANG_WARN_ENUM_CONVERSION = YES;
				CLANG_WARN_INFINITE_RECURSION = YES;
				CLANG_WARN_INT_CONVERSION = YES;
				CLANG_WARN_NON_LITERAL_NULL_CONVERSION = YES;
				CLANG_WARN_OBJC_IMPLICIT_RETAIN_SELF = YES;
				CLANG_WARN_OBJC_LITERAL_CONVERSION = YES;
				CLANG_WARN_OBJC_ROOT_CLASS = YES_ERROR;
				CLANG_WARN_QUOTED_INCLUDE_IN_FRAMEWORK_HEADER = YES;
				CLANG_WARN_RANGE_LOOP_ANALYSIS = YES;
				CLANG_WARN_STRICT_PROTOTYPES = YES;
				CLANG_WARN_SUSPICIOUS_MOVE = YES;
				CLANG_WARN_UNGUARDED_AVAILABILITY = YES_AGGRESSIVE;
				CLANG_WARN_UNREACHABLE_CODE = YES;
				CLANG_WARN__DUPLICATE_METHOD_MATCH = YES;
				COPY_PHASE_STRIP = NO;
				DEBUG_INFORMATION_FORMAT = "dwarf-with-dsym";
				ENABLE_NS_ASSERTIONS = NO;
				ENABLE_STRICT_OBJC_MSGSEND = YES;
				GCC_C_LANGUAGE_STANDARD = gnu11;
				GCC_NO_COMMON_BLOCKS = YES;
				GCC_WARN_64_TO_32_BIT_CONVERSION = YES;
				GCC_WARN_ABOUT_RETURN_TYPE = YES_ERROR;
				GCC_WARN_UNDECLARED_SELECTOR = YES;
				GCC_WARN_UNINITIALIZED_AUTOS = YES_AGGRESSIVE;
				GCC_WARN_UNUSED_FUNCTION = YES;
				GCC_WARN_UNUSED_VARIABLE = YES;
				IPHONEOS_DEPLOYMENT_TARGET = 16.0;
				MTL_ENABLE_DEBUG_INFO = NO;
				MTL_FAST_MATH = YES;
				SDKROOT = iphoneos;
				SWIFT_COMPILATION_MODE = wholemodule;
				SWIFT_OPTIMIZATION_LEVEL = "-O";
				VALIDATE_PRODUCT = YES;
			};
			name = Release;
		};
		291CD502299A92510032E06E /* Debug */ = {
			isa = XCBuildConfiguration;
			buildSettings = {
				ASSETCATALOG_COMPILER_APPICON_NAME = AppIcon;
				ASSETCATALOG_COMPILER_GLOBAL_ACCENT_COLOR_NAME = AccentColor;
				CODE_SIGN_STYLE = Automatic;
				CURRENT_PROJECT_VERSION = 1;
				DEVELOPMENT_TEAM = UG9R4BY8F4;
				GENERATE_INFOPLIST_FILE = YES;
				INFOPLIST_FILE = Messenger/Info.plist;
				INFOPLIST_KEY_UIApplicationSupportsIndirectInputEvents = YES;
				INFOPLIST_KEY_UILaunchStoryboardName = LaunchScreen;
				INFOPLIST_KEY_UIMainStoryboardFile = Main;
				INFOPLIST_KEY_UISupportedInterfaceOrientations = UIInterfaceOrientationPortrait;
				IPHONEOS_DEPLOYMENT_TARGET = 13.0;
				LD_RUNPATH_SEARCH_PATHS = (
					"$(inherited)",
					"@executable_path/Frameworks",
				);
				MARKETING_VERSION = 1.0;
				PRODUCT_BUNDLE_IDENTIFIER = stschults.Messenger;
				PRODUCT_NAME = "$(TARGET_NAME)";
				SWIFT_EMIT_LOC_STRINGS = YES;
				SWIFT_VERSION = 5.0;
				TARGETED_DEVICE_FAMILY = "1,2";
			};
			name = Debug;
		};
		291CD503299A92510032E06E /* Release */ = {
			isa = XCBuildConfiguration;
			buildSettings = {
				ASSETCATALOG_COMPILER_APPICON_NAME = AppIcon;
				ASSETCATALOG_COMPILER_GLOBAL_ACCENT_COLOR_NAME = AccentColor;
				CODE_SIGN_STYLE = Automatic;
				CURRENT_PROJECT_VERSION = 1;
				DEVELOPMENT_TEAM = UG9R4BY8F4;
				GENERATE_INFOPLIST_FILE = YES;
				INFOPLIST_FILE = Messenger/Info.plist;
				INFOPLIST_KEY_UIApplicationSupportsIndirectInputEvents = YES;
				INFOPLIST_KEY_UILaunchStoryboardName = LaunchScreen;
				INFOPLIST_KEY_UIMainStoryboardFile = Main;
				INFOPLIST_KEY_UISupportedInterfaceOrientations = UIInterfaceOrientationPortrait;
				IPHONEOS_DEPLOYMENT_TARGET = 13.0;
				LD_RUNPATH_SEARCH_PATHS = (
					"$(inherited)",
					"@executable_path/Frameworks",
				);
				MARKETING_VERSION = 1.0;
				PRODUCT_BUNDLE_IDENTIFIER = stschults.Messenger;
				PRODUCT_NAME = "$(TARGET_NAME)";
				SWIFT_EMIT_LOC_STRINGS = YES;
				SWIFT_VERSION = 5.0;
				TARGETED_DEVICE_FAMILY = "1,2";
			};
			name = Release;
		};
/* End XCBuildConfiguration section */

/* Begin XCConfigurationList section */
		291CD4E8299A92510032E06E /* Build configuration list for PBXProject "Messenger" */ = {
			isa = XCConfigurationList;
			buildConfigurations = (
				291CD4FF299A92510032E06E /* Debug */,
				291CD500299A92510032E06E /* Release */,
			);
			defaultConfigurationIsVisible = 0;
			defaultConfigurationName = Release;
		};
		291CD501299A92510032E06E /* Build configuration list for PBXNativeTarget "Messenger" */ = {
			isa = XCConfigurationList;
			buildConfigurations = (
				291CD502299A92510032E06E /* Debug */,
				291CD503299A92510032E06E /* Release */,
			);
			defaultConfigurationIsVisible = 0;
			defaultConfigurationName = Release;
		};
/* End XCConfigurationList section */
	};
	rootObject = 291CD4E5299A92510032E06E /* Project object */;
}
